// !$*UTF8*$!
{
	archiveVersion = 1;
	classes = {
	};
	objectVersion = 50;
	objects = {

/* Begin PBXBuildFile section */
		1693096777A4A4AA1CD762D6 /* Pods_MyWalletTests.framework in Frameworks */ = {isa = PBXBuildFile; fileRef = BA0F81502CC85EA5E016BE3F /* Pods_MyWalletTests.framework */; };
		8D80509820F4503B005C4AF7 /* AppDelegate.swift in Sources */ = {isa = PBXBuildFile; fileRef = 8D80509720F4503B005C4AF7 /* AppDelegate.swift */; };
		8D80509D20F4503B005C4AF7 /* Main.storyboard in Resources */ = {isa = PBXBuildFile; fileRef = 8D80509B20F4503B005C4AF7 /* Main.storyboard */; };
		8D80509F20F4503E005C4AF7 /* Assets.xcassets in Resources */ = {isa = PBXBuildFile; fileRef = 8D80509E20F4503E005C4AF7 /* Assets.xcassets */; };
		8D8050A220F4503E005C4AF7 /* LaunchScreen.storyboard in Resources */ = {isa = PBXBuildFile; fileRef = 8D8050A020F4503E005C4AF7 /* LaunchScreen.storyboard */; };
		8D8050AD20F4503E005C4AF7 /* MyWalletTests.swift in Sources */ = {isa = PBXBuildFile; fileRef = 8D8050AC20F4503E005C4AF7 /* MyWalletTests.swift */; };
		8D8050B820F4503E005C4AF7 /* MyWalletUITests.swift in Sources */ = {isa = PBXBuildFile; fileRef = 8D8050B720F4503E005C4AF7 /* MyWalletUITests.swift */; };
		8D8050C920F45458005C4AF7 /* WalletViewController.swift in Sources */ = {isa = PBXBuildFile; fileRef = 8D8050C820F45458005C4AF7 /* WalletViewController.swift */; };
		8D8050CB20F4552B005C4AF7 /* GoogleService-Info.plist in Resources */ = {isa = PBXBuildFile; fileRef = 8D8050CA20F4552B005C4AF7 /* GoogleService-Info.plist */; };
		8D8050CD20F45D77005C4AF7 /* LoginViewController.swift in Sources */ = {isa = PBXBuildFile; fileRef = 8D8050CC20F45D77005C4AF7 /* LoginViewController.swift */; };
		8DCA507A20F4E357001C2D56 /* Cotacao.swift in Sources */ = {isa = PBXBuildFile; fileRef = 8DCA507920F4E357001C2D56 /* Cotacao.swift */; };
		8DCA507F20F4E9D9001C2D56 /* Extensions.swift in Sources */ = {isa = PBXBuildFile; fileRef = 8DCA507E20F4E9D9001C2D56 /* Extensions.swift */; };
		8DCA508220F4ECC5001C2D56 /* CotacaoCell.swift in Sources */ = {isa = PBXBuildFile; fileRef = 8DCA508120F4ECC5001C2D56 /* CotacaoCell.swift */; };
		8DCA508620F50046001C2D56 /* TransacaoCell.swift in Sources */ = {isa = PBXBuildFile; fileRef = 8DCA508520F50046001C2D56 /* TransacaoCell.swift */; };
		8DCA508820F50103001C2D56 /* Transacao.swift in Sources */ = {isa = PBXBuildFile; fileRef = 8DCA508720F50103001C2D56 /* Transacao.swift */; };
		8DCA508A20F5033B001C2D56 /* TransacaoViewController.swift in Sources */ = {isa = PBXBuildFile; fileRef = 8DCA508920F5033B001C2D56 /* TransacaoViewController.swift */; };
		8DCA508C20F503A7001C2D56 /* TransacaoViewModel.swift in Sources */ = {isa = PBXBuildFile; fileRef = 8DCA508B20F503A7001C2D56 /* TransacaoViewModel.swift */; };
		8DCA508E20F505C0001C2D56 /* Utils.swift in Sources */ = {isa = PBXBuildFile; fileRef = 8DCA508D20F505C0001C2D56 /* Utils.swift */; };
		8DCA509120F51D63001C2D56 /* Service.swift in Sources */ = {isa = PBXBuildFile; fileRef = 8DCA509020F51D63001C2D56 /* Service.swift */; };
		8DCA509320F5201C001C2D56 /* Defines.swift in Sources */ = {isa = PBXBuildFile; fileRef = 8DCA509220F5201C001C2D56 /* Defines.swift */; };
		8DCA509520F6E6BF001C2D56 /* BoletaViewController.swift in Sources */ = {isa = PBXBuildFile; fileRef = 8DCA509420F6E6BF001C2D56 /* BoletaViewController.swift */; };
		BE71DDF19DB8C8A8B29E3D09 /* Pods_MyWalletUITests.framework in Frameworks */ = {isa = PBXBuildFile; fileRef = 4ECBC8869BB5356A67CD8B8D /* Pods_MyWalletUITests.framework */; };
		D9BE393E20F79B4300CAAED7 /* MyWallet.xcdatamodeld in Sources */ = {isa = PBXBuildFile; fileRef = D9BE393C20F79B4300CAAED7 /* MyWallet.xcdatamodeld */; };
		D9BE395420F79EAE00CAAED7 /* PersistenceService.swift in Sources */ = {isa = PBXBuildFile; fileRef = D9BE395320F79EAE00CAAED7 /* PersistenceService.swift */; };
		D9BE396520F7C17E00CAAED7 /* Transacao+CoreDataProperties.swift in Sources */ = {isa = PBXBuildFile; fileRef = D9BE396120F7C17E00CAAED7 /* Transacao+CoreDataProperties.swift */; };
		D9BE396620F7C17E00CAAED7 /* Carteira+CoreDataProperties.swift in Sources */ = {isa = PBXBuildFile; fileRef = D9BE396220F7C17E00CAAED7 /* Carteira+CoreDataProperties.swift */; };
		D9BE396720F7C17E00CAAED7 /* Transacao+CoreDataClass.swift in Sources */ = {isa = PBXBuildFile; fileRef = D9BE396320F7C17E00CAAED7 /* Transacao+CoreDataClass.swift */; };
		D9BE396820F7C17E00CAAED7 /* Carteira+CoreDataClass.swift in Sources */ = {isa = PBXBuildFile; fileRef = D9BE396420F7C17E00CAAED7 /* Carteira+CoreDataClass.swift */; };
		DB5D614D8DE7437400942CE8 /* Pods_MyWallet.framework in Frameworks */ = {isa = PBXBuildFile; fileRef = BDDB737C61E96D446B468B1B /* Pods_MyWallet.framework */; };
/* End PBXBuildFile section */

/* Begin PBXContainerItemProxy section */
		8D8050A920F4503E005C4AF7 /* PBXContainerItemProxy */ = {
			isa = PBXContainerItemProxy;
			containerPortal = 8D80508C20F4503B005C4AF7 /* Project object */;
			proxyType = 1;
			remoteGlobalIDString = 8D80509320F4503B005C4AF7;
			remoteInfo = MyWallet;
		};
		8D8050B420F4503E005C4AF7 /* PBXContainerItemProxy */ = {
			isa = PBXContainerItemProxy;
			containerPortal = 8D80508C20F4503B005C4AF7 /* Project object */;
			proxyType = 1;
			remoteGlobalIDString = 8D80509320F4503B005C4AF7;
			remoteInfo = MyWallet;
		};
/* End PBXContainerItemProxy section */

/* Begin PBXFileReference section */
		4ECBC8869BB5356A67CD8B8D /* Pods_MyWalletUITests.framework */ = {isa = PBXFileReference; explicitFileType = wrapper.framework; includeInIndex = 0; path = Pods_MyWalletUITests.framework; sourceTree = BUILT_PRODUCTS_DIR; };
		8D80509420F4503B005C4AF7 /* MyWallet.app */ = {isa = PBXFileReference; explicitFileType = wrapper.application; includeInIndex = 0; path = MyWallet.app; sourceTree = BUILT_PRODUCTS_DIR; };
		8D80509720F4503B005C4AF7 /* AppDelegate.swift */ = {isa = PBXFileReference; lastKnownFileType = sourcecode.swift; path = AppDelegate.swift; sourceTree = "<group>"; };
		8D80509C20F4503B005C4AF7 /* Base */ = {isa = PBXFileReference; lastKnownFileType = file.storyboard; name = Base; path = Base.lproj/Main.storyboard; sourceTree = "<group>"; };
		8D80509E20F4503E005C4AF7 /* Assets.xcassets */ = {isa = PBXFileReference; lastKnownFileType = folder.assetcatalog; path = Assets.xcassets; sourceTree = "<group>"; };
		8D8050A120F4503E005C4AF7 /* Base */ = {isa = PBXFileReference; lastKnownFileType = file.storyboard; name = Base; path = Base.lproj/LaunchScreen.storyboard; sourceTree = "<group>"; };
		8D8050A320F4503E005C4AF7 /* Info.plist */ = {isa = PBXFileReference; lastKnownFileType = text.plist.xml; path = Info.plist; sourceTree = "<group>"; };
		8D8050A820F4503E005C4AF7 /* MyWalletTests.xctest */ = {isa = PBXFileReference; explicitFileType = wrapper.cfbundle; includeInIndex = 0; path = MyWalletTests.xctest; sourceTree = BUILT_PRODUCTS_DIR; };
		8D8050AC20F4503E005C4AF7 /* MyWalletTests.swift */ = {isa = PBXFileReference; lastKnownFileType = sourcecode.swift; path = MyWalletTests.swift; sourceTree = "<group>"; };
		8D8050AE20F4503E005C4AF7 /* Info.plist */ = {isa = PBXFileReference; lastKnownFileType = text.plist.xml; path = Info.plist; sourceTree = "<group>"; };
		8D8050B320F4503E005C4AF7 /* MyWalletUITests.xctest */ = {isa = PBXFileReference; explicitFileType = wrapper.cfbundle; includeInIndex = 0; path = MyWalletUITests.xctest; sourceTree = BUILT_PRODUCTS_DIR; };
		8D8050B720F4503E005C4AF7 /* MyWalletUITests.swift */ = {isa = PBXFileReference; lastKnownFileType = sourcecode.swift; path = MyWalletUITests.swift; sourceTree = "<group>"; };
		8D8050B920F4503E005C4AF7 /* Info.plist */ = {isa = PBXFileReference; lastKnownFileType = text.plist.xml; path = Info.plist; sourceTree = "<group>"; };
		8D8050C820F45458005C4AF7 /* WalletViewController.swift */ = {isa = PBXFileReference; lastKnownFileType = sourcecode.swift; path = WalletViewController.swift; sourceTree = "<group>"; };
		8D8050CA20F4552B005C4AF7 /* GoogleService-Info.plist */ = {isa = PBXFileReference; fileEncoding = 4; lastKnownFileType = text.plist.xml; path = "GoogleService-Info.plist"; sourceTree = "<group>"; };
		8D8050CC20F45D77005C4AF7 /* LoginViewController.swift */ = {isa = PBXFileReference; lastKnownFileType = sourcecode.swift; path = LoginViewController.swift; sourceTree = "<group>"; };
		8DCA507920F4E357001C2D56 /* Cotacao.swift */ = {isa = PBXFileReference; lastKnownFileType = sourcecode.swift; path = Cotacao.swift; sourceTree = "<group>"; };
		8DCA507E20F4E9D9001C2D56 /* Extensions.swift */ = {isa = PBXFileReference; lastKnownFileType = sourcecode.swift; path = Extensions.swift; sourceTree = "<group>"; };
		8DCA508120F4ECC5001C2D56 /* CotacaoCell.swift */ = {isa = PBXFileReference; lastKnownFileType = sourcecode.swift; path = CotacaoCell.swift; sourceTree = "<group>"; };
		8DCA508520F50046001C2D56 /* TransacaoCell.swift */ = {isa = PBXFileReference; lastKnownFileType = sourcecode.swift; path = TransacaoCell.swift; sourceTree = "<group>"; };
		8DCA508720F50103001C2D56 /* Transacao.swift */ = {isa = PBXFileReference; lastKnownFileType = sourcecode.swift; path = Transacao.swift; sourceTree = "<group>"; };
		8DCA508920F5033B001C2D56 /* TransacaoViewController.swift */ = {isa = PBXFileReference; lastKnownFileType = sourcecode.swift; path = TransacaoViewController.swift; sourceTree = "<group>"; };
		8DCA508B20F503A7001C2D56 /* TransacaoViewModel.swift */ = {isa = PBXFileReference; lastKnownFileType = sourcecode.swift; path = TransacaoViewModel.swift; sourceTree = "<group>"; };
		8DCA508D20F505C0001C2D56 /* Utils.swift */ = {isa = PBXFileReference; lastKnownFileType = sourcecode.swift; path = Utils.swift; sourceTree = "<group>"; };
		8DCA509020F51D63001C2D56 /* Service.swift */ = {isa = PBXFileReference; lastKnownFileType = sourcecode.swift; path = Service.swift; sourceTree = "<group>"; };
		8DCA509220F5201C001C2D56 /* Defines.swift */ = {isa = PBXFileReference; lastKnownFileType = sourcecode.swift; path = Defines.swift; sourceTree = "<group>"; };
		8DCA509420F6E6BF001C2D56 /* BoletaViewController.swift */ = {isa = PBXFileReference; lastKnownFileType = sourcecode.swift; path = BoletaViewController.swift; sourceTree = "<group>"; };
		910E507C54233389F356CAFB /* Pods-MyWalletUITests.debug.xcconfig */ = {isa = PBXFileReference; includeInIndex = 1; lastKnownFileType = text.xcconfig; name = "Pods-MyWalletUITests.debug.xcconfig"; path = "Pods/Target Support Files/Pods-MyWalletUITests/Pods-MyWalletUITests.debug.xcconfig"; sourceTree = "<group>"; };
		9C6EBD918C4A24AB6DE852BB /* Pods-MyWalletUITests.release.xcconfig */ = {isa = PBXFileReference; includeInIndex = 1; lastKnownFileType = text.xcconfig; name = "Pods-MyWalletUITests.release.xcconfig"; path = "Pods/Target Support Files/Pods-MyWalletUITests/Pods-MyWalletUITests.release.xcconfig"; sourceTree = "<group>"; };
		A873EAA7B9D6F85D0B693C85 /* Pods-MyWallet.debug.xcconfig */ = {isa = PBXFileReference; includeInIndex = 1; lastKnownFileType = text.xcconfig; name = "Pods-MyWallet.debug.xcconfig"; path = "Pods/Target Support Files/Pods-MyWallet/Pods-MyWallet.debug.xcconfig"; sourceTree = "<group>"; };
		A9FBD14500B25B7768000310 /* Pods-MyWalletTests.debug.xcconfig */ = {isa = PBXFileReference; includeInIndex = 1; lastKnownFileType = text.xcconfig; name = "Pods-MyWalletTests.debug.xcconfig"; path = "Pods/Target Support Files/Pods-MyWalletTests/Pods-MyWalletTests.debug.xcconfig"; sourceTree = "<group>"; };
		BA0F81502CC85EA5E016BE3F /* Pods_MyWalletTests.framework */ = {isa = PBXFileReference; explicitFileType = wrapper.framework; includeInIndex = 0; path = Pods_MyWalletTests.framework; sourceTree = BUILT_PRODUCTS_DIR; };
		BDDB737C61E96D446B468B1B /* Pods_MyWallet.framework */ = {isa = PBXFileReference; explicitFileType = wrapper.framework; includeInIndex = 0; path = Pods_MyWallet.framework; sourceTree = BUILT_PRODUCTS_DIR; };
		D9BE393D20F79B4300CAAED7 /* MyWallet.xcdatamodel */ = {isa = PBXFileReference; lastKnownFileType = wrapper.xcdatamodel; path = MyWallet.xcdatamodel; sourceTree = "<group>"; };
		D9BE395320F79EAE00CAAED7 /* PersistenceService.swift */ = {isa = PBXFileReference; lastKnownFileType = sourcecode.swift; path = PersistenceService.swift; sourceTree = "<group>"; };
		D9BE396120F7C17E00CAAED7 /* Transacao+CoreDataProperties.swift */ = {isa = PBXFileReference; lastKnownFileType = sourcecode.swift; name = "Transacao+CoreDataProperties.swift"; path = "/Users/rodrigocontax/Desktop/Projetos/Papanis/my-wallet/MyWallet/MyWallet/Modelo/Transacao+CoreDataProperties.swift"; sourceTree = "<absolute>"; };
		D9BE396220F7C17E00CAAED7 /* Carteira+CoreDataProperties.swift */ = {isa = PBXFileReference; lastKnownFileType = sourcecode.swift; name = "Carteira+CoreDataProperties.swift"; path = "/Users/rodrigocontax/Desktop/Projetos/Papanis/my-wallet/MyWallet/MyWallet/Modelo/Carteira+CoreDataProperties.swift"; sourceTree = "<absolute>"; };
		D9BE396320F7C17E00CAAED7 /* Transacao+CoreDataClass.swift */ = {isa = PBXFileReference; lastKnownFileType = sourcecode.swift; name = "Transacao+CoreDataClass.swift"; path = "/Users/rodrigocontax/Desktop/Projetos/Papanis/my-wallet/MyWallet/MyWallet/Modelo/Transacao+CoreDataClass.swift"; sourceTree = "<absolute>"; };
		D9BE396420F7C17E00CAAED7 /* Carteira+CoreDataClass.swift */ = {isa = PBXFileReference; lastKnownFileType = sourcecode.swift; name = "Carteira+CoreDataClass.swift"; path = "/Users/rodrigocontax/Desktop/Projetos/Papanis/my-wallet/MyWallet/MyWallet/Modelo/Carteira+CoreDataClass.swift"; sourceTree = "<absolute>"; };
		ECC719B31C1D8A67A551AD03 /* Pods-MyWallet.release.xcconfig */ = {isa = PBXFileReference; includeInIndex = 1; lastKnownFileType = text.xcconfig; name = "Pods-MyWallet.release.xcconfig"; path = "Pods/Target Support Files/Pods-MyWallet/Pods-MyWallet.release.xcconfig"; sourceTree = "<group>"; };
		F4036F5FF959B2E8EE7969BA /* Pods-MyWalletTests.release.xcconfig */ = {isa = PBXFileReference; includeInIndex = 1; lastKnownFileType = text.xcconfig; name = "Pods-MyWalletTests.release.xcconfig"; path = "Pods/Target Support Files/Pods-MyWalletTests/Pods-MyWalletTests.release.xcconfig"; sourceTree = "<group>"; };
/* End PBXFileReference section */

/* Begin PBXFrameworksBuildPhase section */
		8D80509120F4503B005C4AF7 /* Frameworks */ = {
			isa = PBXFrameworksBuildPhase;
			buildActionMask = 2147483647;
			files = (
				DB5D614D8DE7437400942CE8 /* Pods_MyWallet.framework in Frameworks */,
			);
			runOnlyForDeploymentPostprocessing = 0;
		};
		8D8050A520F4503E005C4AF7 /* Frameworks */ = {
			isa = PBXFrameworksBuildPhase;
			buildActionMask = 2147483647;
			files = (
				1693096777A4A4AA1CD762D6 /* Pods_MyWalletTests.framework in Frameworks */,
			);
			runOnlyForDeploymentPostprocessing = 0;
		};
		8D8050B020F4503E005C4AF7 /* Frameworks */ = {
			isa = PBXFrameworksBuildPhase;
			buildActionMask = 2147483647;
			files = (
				BE71DDF19DB8C8A8B29E3D09 /* Pods_MyWalletUITests.framework in Frameworks */,
			);
			runOnlyForDeploymentPostprocessing = 0;
		};
/* End PBXFrameworksBuildPhase section */

/* Begin PBXGroup section */
		46486F4CBD45F488E838A1C0 /* Frameworks */ = {
			isa = PBXGroup;
			children = (
				BDDB737C61E96D446B468B1B /* Pods_MyWallet.framework */,
				BA0F81502CC85EA5E016BE3F /* Pods_MyWalletTests.framework */,
				4ECBC8869BB5356A67CD8B8D /* Pods_MyWalletUITests.framework */,
			);
			name = Frameworks;
			sourceTree = "<group>";
		};
		8D80508B20F4503B005C4AF7 = {
			isa = PBXGroup;
			children = (
				8D80509620F4503B005C4AF7 /* MyWallet */,
				8D8050AB20F4503E005C4AF7 /* MyWalletTests */,
				8D8050B620F4503E005C4AF7 /* MyWalletUITests */,
				8D80509520F4503B005C4AF7 /* Products */,
				ED57E36BED12DFFD7927FCF2 /* Pods */,
				46486F4CBD45F488E838A1C0 /* Frameworks */,
			);
			sourceTree = "<group>";
		};
		8D80509520F4503B005C4AF7 /* Products */ = {
			isa = PBXGroup;
			children = (
				8D80509420F4503B005C4AF7 /* MyWallet.app */,
				8D8050A820F4503E005C4AF7 /* MyWalletTests.xctest */,
				8D8050B320F4503E005C4AF7 /* MyWalletUITests.xctest */,
			);
			name = Products;
			sourceTree = "<group>";
		};
		8D80509620F4503B005C4AF7 /* MyWallet */ = {
			isa = PBXGroup;
			children = (
				8D8050C620F45213005C4AF7 /* SupportingFiles */,
				8DCA507B20F4E53E001C2D56 /* ViewModel */,
				8DCA507820F4E316001C2D56 /* Modelo */,
				8D8050C520F45206005C4AF7 /* Storyboards */,
				8D8050C720F45226005C4AF7 /* ViewControllers */,
				8DCA508020F4EBC5001C2D56 /* Cells */,
				8DCA508F20F51D52001C2D56 /* Service */,
				8D8050A320F4503E005C4AF7 /* Info.plist */,
				8D8050CA20F4552B005C4AF7 /* GoogleService-Info.plist */,
			);
			path = MyWallet;
			sourceTree = "<group>";
		};
		8D8050AB20F4503E005C4AF7 /* MyWalletTests */ = {
			isa = PBXGroup;
			children = (
				8D8050AC20F4503E005C4AF7 /* MyWalletTests.swift */,
				8D8050AE20F4503E005C4AF7 /* Info.plist */,
			);
			path = MyWalletTests;
			sourceTree = "<group>";
		};
		8D8050B620F4503E005C4AF7 /* MyWalletUITests */ = {
			isa = PBXGroup;
			children = (
				8D8050B720F4503E005C4AF7 /* MyWalletUITests.swift */,
				8D8050B920F4503E005C4AF7 /* Info.plist */,
			);
			path = MyWalletUITests;
			sourceTree = "<group>";
		};
		8D8050C520F45206005C4AF7 /* Storyboards */ = {
			isa = PBXGroup;
			children = (
				8D80509B20F4503B005C4AF7 /* Main.storyboard */,
				8D8050A020F4503E005C4AF7 /* LaunchScreen.storyboard */,
			);
			path = Storyboards;
			sourceTree = "<group>";
		};
		8D8050C620F45213005C4AF7 /* SupportingFiles */ = {
			isa = PBXGroup;
			children = (
				8D80509720F4503B005C4AF7 /* AppDelegate.swift */,
				8D80509E20F4503E005C4AF7 /* Assets.xcassets */,
				8DCA507E20F4E9D9001C2D56 /* Extensions.swift */,
				8DCA508D20F505C0001C2D56 /* Utils.swift */,
				8DCA509220F5201C001C2D56 /* Defines.swift */,
			);
			path = SupportingFiles;
			sourceTree = "<group>";
		};
		8D8050C720F45226005C4AF7 /* ViewControllers */ = {
			isa = PBXGroup;
			children = (
				8D8050C820F45458005C4AF7 /* WalletViewController.swift */,
				8D8050CC20F45D77005C4AF7 /* LoginViewController.swift */,
				8DCA508920F5033B001C2D56 /* TransacaoViewController.swift */,
				8DCA509420F6E6BF001C2D56 /* BoletaViewController.swift */,
			);
			path = ViewControllers;
			sourceTree = "<group>";
		};
		8DCA507820F4E316001C2D56 /* Modelo */ = {
			isa = PBXGroup;
			children = (
				D9BE396320F7C17E00CAAED7 /* Transacao+CoreDataClass.swift */,
				D9BE396120F7C17E00CAAED7 /* Transacao+CoreDataProperties.swift */,
				D9BE396420F7C17E00CAAED7 /* Carteira+CoreDataClass.swift */,
				D9BE396220F7C17E00CAAED7 /* Carteira+CoreDataProperties.swift */,
				8DCA507920F4E357001C2D56 /* Cotacao.swift */,
				8DCA508720F50103001C2D56 /* Transacao.swift */,
				D9BE393C20F79B4300CAAED7 /* MyWallet.xcdatamodeld */,
			);
			path = Modelo;
			sourceTree = "<group>";
		};
		8DCA507B20F4E53E001C2D56 /* ViewModel */ = {
			isa = PBXGroup;
			children = (
				8DCA508B20F503A7001C2D56 /* TransacaoViewModel.swift */,
			);
			path = ViewModel;
			sourceTree = "<group>";
		};
		8DCA508020F4EBC5001C2D56 /* Cells */ = {
			isa = PBXGroup;
			children = (
				8DCA508120F4ECC5001C2D56 /* CotacaoCell.swift */,
				8DCA508520F50046001C2D56 /* TransacaoCell.swift */,
			);
			path = Cells;
			sourceTree = "<group>";
		};
		8DCA508F20F51D52001C2D56 /* Service */ = {
			isa = PBXGroup;
			children = (
				8DCA509020F51D63001C2D56 /* Service.swift */,
				D9BE395320F79EAE00CAAED7 /* PersistenceService.swift */,
			);
			path = Service;
			sourceTree = "<group>";
		};
		ED57E36BED12DFFD7927FCF2 /* Pods */ = {
			isa = PBXGroup;
			children = (
				A873EAA7B9D6F85D0B693C85 /* Pods-MyWallet.debug.xcconfig */,
				ECC719B31C1D8A67A551AD03 /* Pods-MyWallet.release.xcconfig */,
				A9FBD14500B25B7768000310 /* Pods-MyWalletTests.debug.xcconfig */,
				F4036F5FF959B2E8EE7969BA /* Pods-MyWalletTests.release.xcconfig */,
				910E507C54233389F356CAFB /* Pods-MyWalletUITests.debug.xcconfig */,
				9C6EBD918C4A24AB6DE852BB /* Pods-MyWalletUITests.release.xcconfig */,
			);
			name = Pods;
			sourceTree = "<group>";
		};
/* End PBXGroup section */

/* Begin PBXNativeTarget section */
		8D80509320F4503B005C4AF7 /* MyWallet */ = {
			isa = PBXNativeTarget;
			buildConfigurationList = 8D8050BC20F4503E005C4AF7 /* Build configuration list for PBXNativeTarget "MyWallet" */;
			buildPhases = (
				CE7789F960CEA778D71F64FA /* [CP] Check Pods Manifest.lock */,
				8D80509020F4503B005C4AF7 /* Sources */,
				8D80509120F4503B005C4AF7 /* Frameworks */,
				8D80509220F4503B005C4AF7 /* Resources */,
				C904950EDA1EAB9477CDD93A /* [CP] Embed Pods Frameworks */,
			);
			buildRules = (
			);
			dependencies = (
			);
			name = MyWallet;
			productName = MyWallet;
			productReference = 8D80509420F4503B005C4AF7 /* MyWallet.app */;
			productType = "com.apple.product-type.application";
		};
		8D8050A720F4503E005C4AF7 /* MyWalletTests */ = {
			isa = PBXNativeTarget;
			buildConfigurationList = 8D8050BF20F4503E005C4AF7 /* Build configuration list for PBXNativeTarget "MyWalletTests" */;
			buildPhases = (
				CFCCA53A5D92D54EA5B77C65 /* [CP] Check Pods Manifest.lock */,
				8D8050A420F4503E005C4AF7 /* Sources */,
				8D8050A520F4503E005C4AF7 /* Frameworks */,
				8D8050A620F4503E005C4AF7 /* Resources */,
			);
			buildRules = (
			);
			dependencies = (
				8D8050AA20F4503E005C4AF7 /* PBXTargetDependency */,
			);
			name = MyWalletTests;
			productName = MyWalletTests;
			productReference = 8D8050A820F4503E005C4AF7 /* MyWalletTests.xctest */;
			productType = "com.apple.product-type.bundle.unit-test";
		};
		8D8050B220F4503E005C4AF7 /* MyWalletUITests */ = {
			isa = PBXNativeTarget;
			buildConfigurationList = 8D8050C220F4503E005C4AF7 /* Build configuration list for PBXNativeTarget "MyWalletUITests" */;
			buildPhases = (
				BBB9E390D3A5A0DF84757A40 /* [CP] Check Pods Manifest.lock */,
				8D8050AF20F4503E005C4AF7 /* Sources */,
				8D8050B020F4503E005C4AF7 /* Frameworks */,
				8D8050B120F4503E005C4AF7 /* Resources */,
			);
			buildRules = (
			);
			dependencies = (
				8D8050B520F4503E005C4AF7 /* PBXTargetDependency */,
			);
			name = MyWalletUITests;
			productName = MyWalletUITests;
			productReference = 8D8050B320F4503E005C4AF7 /* MyWalletUITests.xctest */;
			productType = "com.apple.product-type.bundle.ui-testing";
		};
/* End PBXNativeTarget section */

/* Begin PBXProject section */
		8D80508C20F4503B005C4AF7 /* Project object */ = {
			isa = PBXProject;
			attributes = {
				LastSwiftUpdateCheck = 0940;
				LastUpgradeCheck = 0940;
				ORGANIZATIONNAME = Papanis;
				TargetAttributes = {
					8D80509320F4503B005C4AF7 = {
						CreatedOnToolsVersion = 9.4.1;
					};
					8D8050A720F4503E005C4AF7 = {
						CreatedOnToolsVersion = 9.4.1;
						TestTargetID = 8D80509320F4503B005C4AF7;
					};
					8D8050B220F4503E005C4AF7 = {
						CreatedOnToolsVersion = 9.4.1;
						TestTargetID = 8D80509320F4503B005C4AF7;
					};
				};
			};
			buildConfigurationList = 8D80508F20F4503B005C4AF7 /* Build configuration list for PBXProject "MyWallet" */;
			compatibilityVersion = "Xcode 9.3";
			developmentRegion = en;
			hasScannedForEncodings = 0;
			knownRegions = (
				en,
				Base,
			);
			mainGroup = 8D80508B20F4503B005C4AF7;
			productRefGroup = 8D80509520F4503B005C4AF7 /* Products */;
			projectDirPath = "";
			projectRoot = "";
			targets = (
				8D80509320F4503B005C4AF7 /* MyWallet */,
				8D8050A720F4503E005C4AF7 /* MyWalletTests */,
				8D8050B220F4503E005C4AF7 /* MyWalletUITests */,
			);
		};
/* End PBXProject section */

/* Begin PBXResourcesBuildPhase section */
		8D80509220F4503B005C4AF7 /* Resources */ = {
			isa = PBXResourcesBuildPhase;
			buildActionMask = 2147483647;
			files = (
				8D8050A220F4503E005C4AF7 /* LaunchScreen.storyboard in Resources */,
				8D8050CB20F4552B005C4AF7 /* GoogleService-Info.plist in Resources */,
				8D80509F20F4503E005C4AF7 /* Assets.xcassets in Resources */,
				8D80509D20F4503B005C4AF7 /* Main.storyboard in Resources */,
			);
			runOnlyForDeploymentPostprocessing = 0;
		};
		8D8050A620F4503E005C4AF7 /* Resources */ = {
			isa = PBXResourcesBuildPhase;
			buildActionMask = 2147483647;
			files = (
			);
			runOnlyForDeploymentPostprocessing = 0;
		};
		8D8050B120F4503E005C4AF7 /* Resources */ = {
			isa = PBXResourcesBuildPhase;
			buildActionMask = 2147483647;
			files = (
			);
			runOnlyForDeploymentPostprocessing = 0;
		};
/* End PBXResourcesBuildPhase section */

/* Begin PBXShellScriptBuildPhase section */
		BBB9E390D3A5A0DF84757A40 /* [CP] Check Pods Manifest.lock */ = {
			isa = PBXShellScriptBuildPhase;
			buildActionMask = 2147483647;
			files = (
			);
			inputPaths = (
				"${PODS_PODFILE_DIR_PATH}/Podfile.lock",
				"${PODS_ROOT}/Manifest.lock",
			);
			name = "[CP] Check Pods Manifest.lock";
			outputPaths = (
				"$(DERIVED_FILE_DIR)/Pods-MyWalletUITests-checkManifestLockResult.txt",
			);
			runOnlyForDeploymentPostprocessing = 0;
			shellPath = /bin/sh;
			shellScript = "diff \"${PODS_PODFILE_DIR_PATH}/Podfile.lock\" \"${PODS_ROOT}/Manifest.lock\" > /dev/null\nif [ $? != 0 ] ; then\n    # print error to STDERR\n    echo \"error: The sandbox is not in sync with the Podfile.lock. Run 'pod install' or update your CocoaPods installation.\" >&2\n    exit 1\nfi\n# This output is used by Xcode 'outputs' to avoid re-running this script phase.\necho \"SUCCESS\" > \"${SCRIPT_OUTPUT_FILE_0}\"\n";
			showEnvVarsInLog = 0;
		};
		C904950EDA1EAB9477CDD93A /* [CP] Embed Pods Frameworks */ = {
			isa = PBXShellScriptBuildPhase;
			buildActionMask = 2147483647;
			files = (
			);
			inputPaths = (
				"${SRCROOT}/Pods/Target Support Files/Pods-MyWallet/Pods-MyWallet-frameworks.sh",
				"${BUILT_PRODUCTS_DIR}/Alamofire/Alamofire.framework",
				"${BUILT_PRODUCTS_DIR}/Bolts/Bolts.framework",
				"${BUILT_PRODUCTS_DIR}/FBSDKCoreKit/FBSDKCoreKit.framework",
				"${BUILT_PRODUCTS_DIR}/FBSDKLoginKit/FBSDKLoginKit.framework",
				"${BUILT_PRODUCTS_DIR}/FBSDKShareKit/FBSDKShareKit.framework",
				"${BUILT_PRODUCTS_DIR}/GTMSessionFetcher/GTMSessionFetcher.framework",
				"${BUILT_PRODUCTS_DIR}/GoogleToolboxForMac/GoogleToolboxForMac.framework",
				"${BUILT_PRODUCTS_DIR}/SDWebImage/SDWebImage.framework",
				"${BUILT_PRODUCTS_DIR}/SwiftyJSON/SwiftyJSON.framework",
				"${BUILT_PRODUCTS_DIR}/libwebp/libwebp.framework",
				"${BUILT_PRODUCTS_DIR}/nanopb/nanopb.framework",
			);
			name = "[CP] Embed Pods Frameworks";
			outputPaths = (
				"${TARGET_BUILD_DIR}/${FRAMEWORKS_FOLDER_PATH}/Alamofire.framework",
				"${TARGET_BUILD_DIR}/${FRAMEWORKS_FOLDER_PATH}/Bolts.framework",
				"${TARGET_BUILD_DIR}/${FRAMEWORKS_FOLDER_PATH}/FBSDKCoreKit.framework",
				"${TARGET_BUILD_DIR}/${FRAMEWORKS_FOLDER_PATH}/FBSDKLoginKit.framework",
				"${TARGET_BUILD_DIR}/${FRAMEWORKS_FOLDER_PATH}/FBSDKShareKit.framework",
				"${TARGET_BUILD_DIR}/${FRAMEWORKS_FOLDER_PATH}/GTMSessionFetcher.framework",
				"${TARGET_BUILD_DIR}/${FRAMEWORKS_FOLDER_PATH}/GoogleToolboxForMac.framework",
				"${TARGET_BUILD_DIR}/${FRAMEWORKS_FOLDER_PATH}/SDWebImage.framework",
				"${TARGET_BUILD_DIR}/${FRAMEWORKS_FOLDER_PATH}/SwiftyJSON.framework",
				"${TARGET_BUILD_DIR}/${FRAMEWORKS_FOLDER_PATH}/libwebp.framework",
				"${TARGET_BUILD_DIR}/${FRAMEWORKS_FOLDER_PATH}/nanopb.framework",
			);
			runOnlyForDeploymentPostprocessing = 0;
			shellPath = /bin/sh;
			shellScript = "\"${SRCROOT}/Pods/Target Support Files/Pods-MyWallet/Pods-MyWallet-frameworks.sh\"\n";
			showEnvVarsInLog = 0;
		};
		CE7789F960CEA778D71F64FA /* [CP] Check Pods Manifest.lock */ = {
			isa = PBXShellScriptBuildPhase;
			buildActionMask = 2147483647;
			files = (
			);
			inputPaths = (
				"${PODS_PODFILE_DIR_PATH}/Podfile.lock",
				"${PODS_ROOT}/Manifest.lock",
			);
			name = "[CP] Check Pods Manifest.lock";
			outputPaths = (
				"$(DERIVED_FILE_DIR)/Pods-MyWallet-checkManifestLockResult.txt",
			);
			runOnlyForDeploymentPostprocessing = 0;
			shellPath = /bin/sh;
			shellScript = "diff \"${PODS_PODFILE_DIR_PATH}/Podfile.lock\" \"${PODS_ROOT}/Manifest.lock\" > /dev/null\nif [ $? != 0 ] ; then\n    # print error to STDERR\n    echo \"error: The sandbox is not in sync with the Podfile.lock. Run 'pod install' or update your CocoaPods installation.\" >&2\n    exit 1\nfi\n# This output is used by Xcode 'outputs' to avoid re-running this script phase.\necho \"SUCCESS\" > \"${SCRIPT_OUTPUT_FILE_0}\"\n";
			showEnvVarsInLog = 0;
		};
		CFCCA53A5D92D54EA5B77C65 /* [CP] Check Pods Manifest.lock */ = {
			isa = PBXShellScriptBuildPhase;
			buildActionMask = 2147483647;
			files = (
			);
			inputPaths = (
				"${PODS_PODFILE_DIR_PATH}/Podfile.lock",
				"${PODS_ROOT}/Manifest.lock",
			);
			name = "[CP] Check Pods Manifest.lock";
			outputPaths = (
				"$(DERIVED_FILE_DIR)/Pods-MyWalletTests-checkManifestLockResult.txt",
			);
			runOnlyForDeploymentPostprocessing = 0;
			shellPath = /bin/sh;
			shellScript = "diff \"${PODS_PODFILE_DIR_PATH}/Podfile.lock\" \"${PODS_ROOT}/Manifest.lock\" > /dev/null\nif [ $? != 0 ] ; then\n    # print error to STDERR\n    echo \"error: The sandbox is not in sync with the Podfile.lock. Run 'pod install' or update your CocoaPods installation.\" >&2\n    exit 1\nfi\n# This output is used by Xcode 'outputs' to avoid re-running this script phase.\necho \"SUCCESS\" > \"${SCRIPT_OUTPUT_FILE_0}\"\n";
			showEnvVarsInLog = 0;
		};
/* End PBXShellScriptBuildPhase section */

/* Begin PBXSourcesBuildPhase section */
		8D80509020F4503B005C4AF7 /* Sources */ = {
			isa = PBXSourcesBuildPhase;
			buildActionMask = 2147483647;
			files = (
				D9BE396720F7C17E00CAAED7 /* Transacao+CoreDataClass.swift in Sources */,
				8DCA509120F51D63001C2D56 /* Service.swift in Sources */,
				8DCA507F20F4E9D9001C2D56 /* Extensions.swift in Sources */,
				8DCA508220F4ECC5001C2D56 /* CotacaoCell.swift in Sources */,
				8DCA509520F6E6BF001C2D56 /* BoletaViewController.swift in Sources */,
				D9BE395420F79EAE00CAAED7 /* PersistenceService.swift in Sources */,
				D9BE396820F7C17E00CAAED7 /* Carteira+CoreDataClass.swift in Sources */,
				D9BE396520F7C17E00CAAED7 /* Transacao+CoreDataProperties.swift in Sources */,
				D9BE396620F7C17E00CAAED7 /* Carteira+CoreDataProperties.swift in Sources */,
				8D8050CD20F45D77005C4AF7 /* LoginViewController.swift in Sources */,
				8D80509820F4503B005C4AF7 /* AppDelegate.swift in Sources */,
				D9BE393E20F79B4300CAAED7 /* MyWallet.xcdatamodeld in Sources */,
				8DCA508E20F505C0001C2D56 /* Utils.swift in Sources */,
				8DCA509320F5201C001C2D56 /* Defines.swift in Sources */,
				8DCA508820F50103001C2D56 /* Transacao.swift in Sources */,
				8DCA508620F50046001C2D56 /* TransacaoCell.swift in Sources */,
				8DCA507A20F4E357001C2D56 /* Cotacao.swift in Sources */,
				8D8050C920F45458005C4AF7 /* WalletViewController.swift in Sources */,
				8DCA508A20F5033B001C2D56 /* TransacaoViewController.swift in Sources */,
				8DCA508C20F503A7001C2D56 /* TransacaoViewModel.swift in Sources */,
			);
			runOnlyForDeploymentPostprocessing = 0;
		};
		8D8050A420F4503E005C4AF7 /* Sources */ = {
			isa = PBXSourcesBuildPhase;
			buildActionMask = 2147483647;
			files = (
				8D8050AD20F4503E005C4AF7 /* MyWalletTests.swift in Sources */,
			);
			runOnlyForDeploymentPostprocessing = 0;
		};
		8D8050AF20F4503E005C4AF7 /* Sources */ = {
			isa = PBXSourcesBuildPhase;
			buildActionMask = 2147483647;
			files = (
				8D8050B820F4503E005C4AF7 /* MyWalletUITests.swift in Sources */,
			);
			runOnlyForDeploymentPostprocessing = 0;
		};
/* End PBXSourcesBuildPhase section */

/* Begin PBXTargetDependency section */
		8D8050AA20F4503E005C4AF7 /* PBXTargetDependency */ = {
			isa = PBXTargetDependency;
			target = 8D80509320F4503B005C4AF7 /* MyWallet */;
			targetProxy = 8D8050A920F4503E005C4AF7 /* PBXContainerItemProxy */;
		};
		8D8050B520F4503E005C4AF7 /* PBXTargetDependency */ = {
			isa = PBXTargetDependency;
			target = 8D80509320F4503B005C4AF7 /* MyWallet */;
			targetProxy = 8D8050B420F4503E005C4AF7 /* PBXContainerItemProxy */;
		};
/* End PBXTargetDependency section */

/* Begin PBXVariantGroup section */
		8D80509B20F4503B005C4AF7 /* Main.storyboard */ = {
			isa = PBXVariantGroup;
			children = (
				8D80509C20F4503B005C4AF7 /* Base */,
			);
			name = Main.storyboard;
			sourceTree = "<group>";
		};
		8D8050A020F4503E005C4AF7 /* LaunchScreen.storyboard */ = {
			isa = PBXVariantGroup;
			children = (
				8D8050A120F4503E005C4AF7 /* Base */,
			);
			name = LaunchScreen.storyboard;
			sourceTree = "<group>";
		};
/* End PBXVariantGroup section */

/* Begin XCBuildConfiguration section */
		8D8050BA20F4503E005C4AF7 /* Debug */ = {
			isa = XCBuildConfiguration;
			buildSettings = {
				ALWAYS_SEARCH_USER_PATHS = NO;
				CLANG_ANALYZER_NONNULL = YES;
				CLANG_ANALYZER_NUMBER_OBJECT_CONVERSION = YES_AGGRESSIVE;
				CLANG_CXX_LANGUAGE_STANDARD = "gnu++14";
				CLANG_CXX_LIBRARY = "libc++";
				CLANG_ENABLE_MODULES = YES;
				CLANG_ENABLE_OBJC_ARC = YES;
				CLANG_ENABLE_OBJC_WEAK = YES;
				CLANG_WARN_BLOCK_CAPTURE_AUTORELEASING = YES;
				CLANG_WARN_BOOL_CONVERSION = YES;
				CLANG_WARN_COMMA = YES;
				CLANG_WARN_CONSTANT_CONVERSION = YES;
				CLANG_WARN_DEPRECATED_OBJC_IMPLEMENTATIONS = YES;
				CLANG_WARN_DIRECT_OBJC_ISA_USAGE = YES_ERROR;
				CLANG_WARN_DOCUMENTATION_COMMENTS = YES;
				CLANG_WARN_EMPTY_BODY = YES;
				CLANG_WARN_ENUM_CONVERSION = YES;
				CLANG_WARN_INFINITE_RECURSION = YES;
				CLANG_WARN_INT_CONVERSION = YES;
				CLANG_WARN_NON_LITERAL_NULL_CONVERSION = YES;
				CLANG_WARN_OBJC_IMPLICIT_RETAIN_SELF = YES;
				CLANG_WARN_OBJC_LITERAL_CONVERSION = YES;
				CLANG_WARN_OBJC_ROOT_CLASS = YES_ERROR;
				CLANG_WARN_RANGE_LOOP_ANALYSIS = YES;
				CLANG_WARN_STRICT_PROTOTYPES = YES;
				CLANG_WARN_SUSPICIOUS_MOVE = YES;
				CLANG_WARN_UNGUARDED_AVAILABILITY = YES_AGGRESSIVE;
				CLANG_WARN_UNREACHABLE_CODE = YES;
				CLANG_WARN__DUPLICATE_METHOD_MATCH = YES;
				CODE_SIGN_IDENTITY = "iPhone Developer";
				COPY_PHASE_STRIP = NO;
				DEBUG_INFORMATION_FORMAT = dwarf;
				ENABLE_STRICT_OBJC_MSGSEND = YES;
				ENABLE_TESTABILITY = YES;
				GCC_C_LANGUAGE_STANDARD = gnu11;
				GCC_DYNAMIC_NO_PIC = NO;
				GCC_NO_COMMON_BLOCKS = YES;
				GCC_OPTIMIZATION_LEVEL = 0;
				GCC_PREPROCESSOR_DEFINITIONS = (
					"DEBUG=1",
					"$(inherited)",
				);
				GCC_WARN_64_TO_32_BIT_CONVERSION = YES;
				GCC_WARN_ABOUT_RETURN_TYPE = YES_ERROR;
				GCC_WARN_UNDECLARED_SELECTOR = YES;
				GCC_WARN_UNINITIALIZED_AUTOS = YES_AGGRESSIVE;
				GCC_WARN_UNUSED_FUNCTION = YES;
				GCC_WARN_UNUSED_VARIABLE = YES;
				IPHONEOS_DEPLOYMENT_TARGET = 11.4;
				MTL_ENABLE_DEBUG_INFO = YES;
				ONLY_ACTIVE_ARCH = YES;
				SDKROOT = iphoneos;
				SWIFT_ACTIVE_COMPILATION_CONDITIONS = DEBUG;
				SWIFT_OPTIMIZATION_LEVEL = "-Onone";
			};
			name = Debug;
		};
		8D8050BB20F4503E005C4AF7 /* Release */ = {
			isa = XCBuildConfiguration;
			buildSettings = {
				ALWAYS_SEARCH_USER_PATHS = NO;
				CLANG_ANALYZER_NONNULL = YES;
				CLANG_ANALYZER_NUMBER_OBJECT_CONVERSION = YES_AGGRESSIVE;
				CLANG_CXX_LANGUAGE_STANDARD = "gnu++14";
				CLANG_CXX_LIBRARY = "libc++";
				CLANG_ENABLE_MODULES = YES;
				CLANG_ENABLE_OBJC_ARC = YES;
				CLANG_ENABLE_OBJC_WEAK = YES;
				CLANG_WARN_BLOCK_CAPTURE_AUTORELEASING = YES;
				CLANG_WARN_BOOL_CONVERSION = YES;
				CLANG_WARN_COMMA = YES;
				CLANG_WARN_CONSTANT_CONVERSION = YES;
				CLANG_WARN_DEPRECATED_OBJC_IMPLEMENTATIONS = YES;
				CLANG_WARN_DIRECT_OBJC_ISA_USAGE = YES_ERROR;
				CLANG_WARN_DOCUMENTATION_COMMENTS = YES;
				CLANG_WARN_EMPTY_BODY = YES;
				CLANG_WARN_ENUM_CONVERSION = YES;
				CLANG_WARN_INFINITE_RECURSION = YES;
				CLANG_WARN_INT_CONVERSION = YES;
				CLANG_WARN_NON_LITERAL_NULL_CONVERSION = YES;
				CLANG_WARN_OBJC_IMPLICIT_RETAIN_SELF = YES;
				CLANG_WARN_OBJC_LITERAL_CONVERSION = YES;
				CLANG_WARN_OBJC_ROOT_CLASS = YES_ERROR;
				CLANG_WARN_RANGE_LOOP_ANALYSIS = YES;
				CLANG_WARN_STRICT_PROTOTYPES = YES;
				CLANG_WARN_SUSPICIOUS_MOVE = YES;
				CLANG_WARN_UNGUARDED_AVAILABILITY = YES_AGGRESSIVE;
				CLANG_WARN_UNREACHABLE_CODE = YES;
				CLANG_WARN__DUPLICATE_METHOD_MATCH = YES;
				CODE_SIGN_IDENTITY = "iPhone Developer";
				COPY_PHASE_STRIP = NO;
				DEBUG_INFORMATION_FORMAT = "dwarf-with-dsym";
				ENABLE_NS_ASSERTIONS = NO;
				ENABLE_STRICT_OBJC_MSGSEND = YES;
				GCC_C_LANGUAGE_STANDARD = gnu11;
				GCC_NO_COMMON_BLOCKS = YES;
				GCC_WARN_64_TO_32_BIT_CONVERSION = YES;
				GCC_WARN_ABOUT_RETURN_TYPE = YES_ERROR;
				GCC_WARN_UNDECLARED_SELECTOR = YES;
				GCC_WARN_UNINITIALIZED_AUTOS = YES_AGGRESSIVE;
				GCC_WARN_UNUSED_FUNCTION = YES;
				GCC_WARN_UNUSED_VARIABLE = YES;
				IPHONEOS_DEPLOYMENT_TARGET = 11.4;
				MTL_ENABLE_DEBUG_INFO = NO;
				SDKROOT = iphoneos;
				SWIFT_COMPILATION_MODE = wholemodule;
				SWIFT_OPTIMIZATION_LEVEL = "-O";
				VALIDATE_PRODUCT = YES;
			};
			name = Release;
		};
		8D8050BD20F4503E005C4AF7 /* Debug */ = {
			isa = XCBuildConfiguration;
			baseConfigurationReference = A873EAA7B9D6F85D0B693C85 /* Pods-MyWallet.debug.xcconfig */;
			buildSettings = {
				ASSETCATALOG_COMPILER_APPICON_NAME = AppIcon;
				CODE_SIGN_STYLE = Automatic;
				DEVELOPMENT_TEAM = 3FMA3WV25L;
				INFOPLIST_FILE = MyWallet/Info.plist;
				IPHONEOS_DEPLOYMENT_TARGET = 10.0;
				LD_RUNPATH_SEARCH_PATHS = (
					"$(inherited)",
					"@executable_path/Frameworks",
				);
				PRODUCT_BUNDLE_IDENTIFIER = br.com.papanis.MyWallet;
				PRODUCT_NAME = "$(TARGET_NAME)";
				SWIFT_VERSION = 4.0;
				TARGETED_DEVICE_FAMILY = "1,2";
			};
			name = Debug;
		};
		8D8050BE20F4503E005C4AF7 /* Release */ = {
			isa = XCBuildConfiguration;
			baseConfigurationReference = ECC719B31C1D8A67A551AD03 /* Pods-MyWallet.release.xcconfig */;
			buildSettings = {
				ASSETCATALOG_COMPILER_APPICON_NAME = AppIcon;
				CODE_SIGN_STYLE = Automatic;
				DEVELOPMENT_TEAM = 3FMA3WV25L;
				INFOPLIST_FILE = MyWallet/Info.plist;
				IPHONEOS_DEPLOYMENT_TARGET = 10.0;
				LD_RUNPATH_SEARCH_PATHS = (
					"$(inherited)",
					"@executable_path/Frameworks",
				);
				PRODUCT_BUNDLE_IDENTIFIER = br.com.papanis.MyWallet;
				PRODUCT_NAME = "$(TARGET_NAME)";
				SWIFT_VERSION = 4.0;
				TARGETED_DEVICE_FAMILY = "1,2";
			};
			name = Release;
		};
		8D8050C020F4503E005C4AF7 /* Debug */ = {
			isa = XCBuildConfiguration;
			baseConfigurationReference = A9FBD14500B25B7768000310 /* Pods-MyWalletTests.debug.xcconfig */;
			buildSettings = {
				ALWAYS_EMBED_SWIFT_STANDARD_LIBRARIES = YES;
				BUNDLE_LOADER = "$(TEST_HOST)";
				CODE_SIGN_STYLE = Automatic;
				DEVELOPMENT_TEAM = 3FMA3WV25L;
				INFOPLIST_FILE = MyWalletTests/Info.plist;
				LD_RUNPATH_SEARCH_PATHS = (
					"$(inherited)",
					"@executable_path/Frameworks",
					"@loader_path/Frameworks",
				);
				PRODUCT_BUNDLE_IDENTIFIER = br.com.papanis.MyWalletTests;
				PRODUCT_NAME = "$(TARGET_NAME)";
				SWIFT_VERSION = 4.0;
				TARGETED_DEVICE_FAMILY = "1,2";
				TEST_HOST = "$(BUILT_PRODUCTS_DIR)/MyWallet.app/MyWallet";
			};
			name = Debug;
		};
		8D8050C120F4503E005C4AF7 /* Release */ = {
			isa = XCBuildConfiguration;
			baseConfigurationReference = F4036F5FF959B2E8EE7969BA /* Pods-MyWalletTests.release.xcconfig */;
			buildSettings = {
				ALWAYS_EMBED_SWIFT_STANDARD_LIBRARIES = YES;
				BUNDLE_LOADER = "$(TEST_HOST)";
				CODE_SIGN_STYLE = Automatic;
				DEVELOPMENT_TEAM = 3FMA3WV25L;
				INFOPLIST_FILE = MyWalletTests/Info.plist;
				LD_RUNPATH_SEARCH_PATHS = (
					"$(inherited)",
					"@executable_path/Frameworks",
					"@loader_path/Frameworks",
				);
				PRODUCT_BUNDLE_IDENTIFIER = br.com.papanis.MyWalletTests;
				PRODUCT_NAME = "$(TARGET_NAME)";
				SWIFT_VERSION = 4.0;
				TARGETED_DEVICE_FAMILY = "1,2";
				TEST_HOST = "$(BUILT_PRODUCTS_DIR)/MyWallet.app/MyWallet";
			};
			name = Release;
		};
		8D8050C320F4503E005C4AF7 /* Debug */ = {
			isa = XCBuildConfiguration;
			baseConfigurationReference = 910E507C54233389F356CAFB /* Pods-MyWalletUITests.debug.xcconfig */;
			buildSettings = {
				ALWAYS_EMBED_SWIFT_STANDARD_LIBRARIES = YES;
				CODE_SIGN_STYLE = Automatic;
				DEVELOPMENT_TEAM = 3FMA3WV25L;
				INFOPLIST_FILE = MyWalletUITests/Info.plist;
				LD_RUNPATH_SEARCH_PATHS = (
					"$(inherited)",
					"@executable_path/Frameworks",
					"@loader_path/Frameworks",
				);
				PRODUCT_BUNDLE_IDENTIFIER = br.com.papanis.MyWalletUITests;
				PRODUCT_NAME = "$(TARGET_NAME)";
				SWIFT_VERSION = 4.0;
				TARGETED_DEVICE_FAMILY = "1,2";
				TEST_TARGET_NAME = MyWallet;
			};
			name = Debug;
		};
		8D8050C420F4503E005C4AF7 /* Release */ = {
			isa = XCBuildConfiguration;
			baseConfigurationReference = 9C6EBD918C4A24AB6DE852BB /* Pods-MyWalletUITests.release.xcconfig */;
			buildSettings = {
				ALWAYS_EMBED_SWIFT_STANDARD_LIBRARIES = YES;
				CODE_SIGN_STYLE = Automatic;
				DEVELOPMENT_TEAM = 3FMA3WV25L;
				INFOPLIST_FILE = MyWalletUITests/Info.plist;
				LD_RUNPATH_SEARCH_PATHS = (
					"$(inherited)",
					"@executable_path/Frameworks",
					"@loader_path/Frameworks",
				);
				PRODUCT_BUNDLE_IDENTIFIER = br.com.papanis.MyWalletUITests;
				PRODUCT_NAME = "$(TARGET_NAME)";
				SWIFT_VERSION = 4.0;
				TARGETED_DEVICE_FAMILY = "1,2";
				TEST_TARGET_NAME = MyWallet;
			};
			name = Release;
		};
/* End XCBuildConfiguration section */

/* Begin XCConfigurationList section */
		8D80508F20F4503B005C4AF7 /* Build configuration list for PBXProject "MyWallet" */ = {
			isa = XCConfigurationList;
			buildConfigurations = (
				8D8050BA20F4503E005C4AF7 /* Debug */,
				8D8050BB20F4503E005C4AF7 /* Release */,
			);
			defaultConfigurationIsVisible = 0;
			defaultConfigurationName = Release;
		};
		8D8050BC20F4503E005C4AF7 /* Build configuration list for PBXNativeTarget "MyWallet" */ = {
			isa = XCConfigurationList;
			buildConfigurations = (
				8D8050BD20F4503E005C4AF7 /* Debug */,
				8D8050BE20F4503E005C4AF7 /* Release */,
			);
			defaultConfigurationIsVisible = 0;
			defaultConfigurationName = Release;
		};
		8D8050BF20F4503E005C4AF7 /* Build configuration list for PBXNativeTarget "MyWalletTests" */ = {
			isa = XCConfigurationList;
			buildConfigurations = (
				8D8050C020F4503E005C4AF7 /* Debug */,
				8D8050C120F4503E005C4AF7 /* Release */,
			);
			defaultConfigurationIsVisible = 0;
			defaultConfigurationName = Release;
		};
		8D8050C220F4503E005C4AF7 /* Build configuration list for PBXNativeTarget "MyWalletUITests" */ = {
			isa = XCConfigurationList;
			buildConfigurations = (
				8D8050C320F4503E005C4AF7 /* Debug */,
				8D8050C420F4503E005C4AF7 /* Release */,
			);
			defaultConfigurationIsVisible = 0;
			defaultConfigurationName = Release;
		};
/* End XCConfigurationList section */

/* Begin XCVersionGroup section */
		D9BE393C20F79B4300CAAED7 /* MyWallet.xcdatamodeld */ = {
			isa = XCVersionGroup;
			children = (
				D9BE393D20F79B4300CAAED7 /* MyWallet.xcdatamodel */,
			);
			currentVersion = D9BE393D20F79B4300CAAED7 /* MyWallet.xcdatamodel */;
			path = MyWallet.xcdatamodeld;
			sourceTree = "<group>";
			versionGroupType = wrapper.xcdatamodel;
		};
/* End XCVersionGroup section */
	};
	rootObject = 8D80508C20F4503B005C4AF7 /* Project object */;
}
